
Microsoft Visual Studio Solution File, Format Version 12.00
# Visual Studio Version 16
VisualStudioVersion = 16.0.30225.117
MinimumVisualStudioVersion = 10.0.40219.1
Project("{9A19103F-16F7-4668-BE54-9A1E7A4F7556}") = "GcdCalculationsLib", "GcdCalculationsLib\GcdCalculationsLib.csproj", "{8D54F32F-4E43-4A97-90DF-F2E18D9D2E0A}"
EndProject
Project("{9A19103F-16F7-4668-BE54-9A1E7A4F7556}") = "GCDClassLib.Tests", "XUnitTest\GCDClassLib.Tests.csproj", "{0E0F1B6E-D48A-468D-8D48-4A47E8CF5AAF}"
EndProject
Project("{9A19103F-16F7-4668-BE54-9A1E7A4F7556}") = "FigureLib", "FigureLib\FigureLib.csproj", "{2E6B0C2F-D3E2-4449-8688-EA29A30A6606}"
EndProject
Project("{9A19103F-16F7-4668-BE54-9A1E7A4F7556}") = "FigureLib.UnitTests", "FigureLib.UnitTests\FigureLib.UnitTests.csproj", "{7117980E-0E49-43C7-9FF6-10CEBFCA2055}"
EndProject
Global
	GlobalSection(SolutionConfigurationPlatforms) = preSolution
		Debug|Any CPU = Debug|Any CPU
		Release|Any CPU = Release|Any CPU
	EndGlobalSection
	GlobalSection(ProjectConfigurationPlatforms) = postSolution
		{8D54F32F-4E43-4A97-90DF-F2E18D9D2E0A}.Debug|Any CPU.ActiveCfg = Debug|Any CPU
		{8D54F32F-4E43-4A97-90DF-F2E18D9D2E0A}.Debug|Any CPU.Build.0 = Debug|Any CPU
		{8D54F32F-4E43-4A97-90DF-F2E18D9D2E0A}.Release|Any CPU.ActiveCfg = Release|Any CPU
		{8D54F32F-4E43-4A97-90DF-F2E18D9D2E0A}.Release|Any CPU.Build.0 = Release|Any CPU
		{0E0F1B6E-D48A-468D-8D48-4A47E8CF5AAF}.Debug|Any CPU.ActiveCfg = Debug|Any CPU
		{0E0F1B6E-D48A-468D-8D48-4A47E8CF5AAF}.Debug|Any CPU.Build.0 = Debug|Any CPU
		{0E0F1B6E-D48A-468D-8D48-4A47E8CF5AAF}.Release|Any CPU.ActiveCfg = Release|Any CPU
		{0E0F1B6E-D48A-468D-8D48-4A47E8CF5AAF}.Release|Any CPU.Build.0 = Release|Any CPU
		{2E6B0C2F-D3E2-4449-8688-EA29A30A6606}.Debug|Any CPU.ActiveCfg = Debug|Any CPU
		{2E6B0C2F-D3E2-4449-8688-EA29A30A6606}.Debug|Any CPU.Build.0 = Debug|Any CPU
		{2E6B0C2F-D3E2-4449-8688-EA29A30A6606}.Release|Any CPU.ActiveCfg = Release|Any CPU
		{2E6B0C2F-D3E2-4449-8688-EA29A30A6606}.Release|Any CPU.Build.0 = Release|Any CPU
		{7117980E-0E49-43C7-9FF6-10CEBFCA2055}.Debug|Any CPU.ActiveCfg = Debug|Any CPU
		{7117980E-0E49-43C7-9FF6-10CEBFCA2055}.Debug|Any CPU.Build.0 = Debug|Any CPU
		{7117980E-0E49-43C7-9FF6-10CEBFCA2055}.Release|Any CPU.ActiveCfg = Release|Any CPU
		{7117980E-0E49-43C7-9FF6-10CEBFCA2055}.Release|Any CPU.Build.0 = Release|Any CPU
	EndGlobalSection
	GlobalSection(SolutionProperties) = preSolution
		HideSolutionNode = FALSE
	EndGlobalSection
	GlobalSection(ExtensibilityGlobals) = postSolution
		SolutionGuid = {DB451CD2-E162-4088-AA53-4B4E66D72037}
	EndGlobalSection
EndGlobal
