
Microsoft Visual Studio Solution File, Format Version 12.00
# Visual Studio Version 16
VisualStudioVersion = 16.0.30320.27
MinimumVisualStudioVersion = 10.0.40219.1
Project("{9A19103F-16F7-4668-BE54-9A1E7A4F7556}") = "SessionForStudents", "SessionForStudents\SessionForStudents.csproj", "{CE47A573-4CC2-4D89-A85C-6FBACFE7283D}"
EndProject
Project("{9A19103F-16F7-4668-BE54-9A1E7A4F7556}") = "SessionForStudents.XUnitTest", "SessionForStudents.XUnitTest\SessionForStudents.XUnitTest.csproj", "{936340CC-A7C3-4540-A1C7-5FCB5BBA6333}"
EndProject
Global
	GlobalSection(SolutionConfigurationPlatforms) = preSolution
		Debug|Any CPU = Debug|Any CPU
		Release|Any CPU = Release|Any CPU
	EndGlobalSection
	GlobalSection(ProjectConfigurationPlatforms) = postSolution
		{CE47A573-4CC2-4D89-A85C-6FBACFE7283D}.Debug|Any CPU.ActiveCfg = Debug|Any CPU
		{CE47A573-4CC2-4D89-A85C-6FBACFE7283D}.Debug|Any CPU.Build.0 = Debug|Any CPU
		{CE47A573-4CC2-4D89-A85C-6FBACFE7283D}.Release|Any CPU.ActiveCfg = Release|Any CPU
		{CE47A573-4CC2-4D89-A85C-6FBACFE7283D}.Release|Any CPU.Build.0 = Release|Any CPU
		{936340CC-A7C3-4540-A1C7-5FCB5BBA6333}.Debug|Any CPU.ActiveCfg = Debug|Any CPU
		{936340CC-A7C3-4540-A1C7-5FCB5BBA6333}.Debug|Any CPU.Build.0 = Debug|Any CPU
		{936340CC-A7C3-4540-A1C7-5FCB5BBA6333}.Release|Any CPU.ActiveCfg = Release|Any CPU
		{936340CC-A7C3-4540-A1C7-5FCB5BBA6333}.Release|Any CPU.Build.0 = Release|Any CPU
	EndGlobalSection
	GlobalSection(SolutionProperties) = preSolution
		HideSolutionNode = FALSE
	EndGlobalSection
	GlobalSection(ExtensibilityGlobals) = postSolution
		SolutionGuid = {A0D62EB7-2B56-490A-8263-9EF468FA4F19}
	EndGlobalSection
EndGlobal
